// !$*UTF8*$!
{
	archiveVersion = 1;
	classes = {
	};
	objectVersion = 46;
	objects = {

/* Begin PBXBuildFile section */
		F20712DD1F67BAD700FA0B78 /* AppDelegate.swift in Sources */ = {isa = PBXBuildFile; fileRef = F20712DC1F67BAD700FA0B78 /* AppDelegate.swift */; };
		F20712DF1F67BAD700FA0B78 /* ViewController.swift in Sources */ = {isa = PBXBuildFile; fileRef = F20712DE1F67BAD700FA0B78 /* ViewController.swift */; };
		F20712E21F67BAD700FA0B78 /* Main.storyboard in Resources */ = {isa = PBXBuildFile; fileRef = F20712E01F67BAD700FA0B78 /* Main.storyboard */; };
		F20712E41F67BAD700FA0B78 /* Assets.xcassets in Resources */ = {isa = PBXBuildFile; fileRef = F20712E31F67BAD700FA0B78 /* Assets.xcassets */; };
		F20712E71F67BAD700FA0B78 /* LaunchScreen.storyboard in Resources */ = {isa = PBXBuildFile; fileRef = F20712E51F67BAD700FA0B78 /* LaunchScreen.storyboard */; };
		F20712EF1F67BB9200FA0B78 /* kenny.jpg in Resources */ = {isa = PBXBuildFile; fileRef = F20712EE1F67BB9200FA0B78 /* kenny.jpg */; };
/* End PBXBuildFile section */

/* Begin PBXFileReference section */
		F20712D91F67BAD700FA0B78 /* KennyGame.app */ = {isa = PBXFileReference; explicitFileType = wrapper.application; includeInIndex = 0; path = KennyGame.app; sourceTree = BUILT_PRODUCTS_DIR; };
		F20712DC1F67BAD700FA0B78 /* AppDelegate.swift */ = {isa = PBXFileReference; lastKnownFileType = sourcecode.swift; path = AppDelegate.swift; sourceTree = "<group>"; };
		F20712DE1F67BAD700FA0B78 /* ViewController.swift */ = {isa = PBXFileReference; lastKnownFileType = sourcecode.swift; path = ViewController.swift; sourceTree = "<group>"; };
		F20712E11F67BAD700FA0B78 /* Base */ = {isa = PBXFileReference; lastKnownFileType = file.storyboard; name = Base; path = Base.lproj/Main.storyboard; sourceTree = "<group>"; };
		F20712E31F67BAD700FA0B78 /* Assets.xcassets */ = {isa = PBXFileReference; lastKnownFileType = folder.assetcatalog; path = Assets.xcassets; sourceTree = "<group>"; };
		F20712E61F67BAD700FA0B78 /* Base */ = {isa = PBXFileReference; lastKnownFileType = file.storyboard; name = Base; path = Base.lproj/LaunchScreen.storyboard; sourceTree = "<group>"; };
		F20712E81F67BAD700FA0B78 /* Info.plist */ = {isa = PBXFileReference; lastKnownFileType = text.plist.xml; path = Info.plist; sourceTree = "<group>"; };
		F20712EE1F67BB9200FA0B78 /* kenny.jpg */ = {isa = PBXFileReference; lastKnownFileType = image.jpeg; path = kenny.jpg; sourceTree = "<group>"; };
/* End PBXFileReference section */

/* Begin PBXFrameworksBuildPhase section */
		F20712D61F67BAD700FA0B78 /* Frameworks */ = {
			isa = PBXFrameworksBuildPhase;
			buildActionMask = 2147483647;
			files = (
			);
			runOnlyForDeploymentPostprocessing = 0;
		};
/* End PBXFrameworksBuildPhase section */

/* Begin PBXGroup section */
		F20712D01F67BAD700FA0B78 = {
			isa = PBXGroup;
			children = (
				F20712DB1F67BAD700FA0B78 /* KennyGame */,
				F20712DA1F67BAD700FA0B78 /* Products */,
			);
			sourceTree = "<group>";
		};
		F20712DA1F67BAD700FA0B78 /* Products */ = {
			isa = PBXGroup;
			children = (
				F20712D91F67BAD700FA0B78 /* KennyGame.app */,
			);
			name = Products;
			sourceTree = "<group>";
		};
		F20712DB1F67BAD700FA0B78 /* KennyGame */ = {
			isa = PBXGroup;
			children = (
				F20712DC1F67BAD700FA0B78 /* AppDelegate.swift */,
				F20712EE1F67BB9200FA0B78 /* kenny.jpg */,
				F20712DE1F67BAD700FA0B78 /* ViewController.swift */,
				F20712E01F67BAD700FA0B78 /* Main.storyboard */,
				F20712E31F67BAD700FA0B78 /* Assets.xcassets */,
				F20712E51F67BAD700FA0B78 /* LaunchScreen.storyboard */,
				F20712E81F67BAD700FA0B78 /* Info.plist */,
			);
			path = KennyGame;
			sourceTree = "<group>";
		};
/* End PBXGroup section */

/* Begin PBXNativeTarget section */
		F20712D81F67BAD700FA0B78 /* KennyGame */ = {
			isa = PBXNativeTarget;
			buildConfigurationList = F20712EB1F67BAD700FA0B78 /* Build configuration list for PBXNativeTarget "KennyGame" */;
			buildPhases = (
				F20712D51F67BAD700FA0B78 /* Sources */,
				F20712D61F67BAD700FA0B78 /* Frameworks */,
				F20712D71F67BAD700FA0B78 /* Resources */,
			);
			buildRules = (
			);
			dependencies = (
			);
			name = KennyGame;
			productName = KennyGame;
			productReference = F20712D91F67BAD700FA0B78 /* KennyGame.app */;
			productType = "com.apple.product-type.application";
		};
/* End PBXNativeTarget section */

/* Begin PBXProject section */
		F20712D11F67BAD700FA0B78 /* Project object */ = {
			isa = PBXProject;
			attributes = {
				LastSwiftUpdateCheck = 0810;
				LastUpgradeCheck = 0810;
				ORGANIZATIONNAME = "Flyco Developer";
				TargetAttributes = {
					F20712D81F67BAD700FA0B78 = {
						CreatedOnToolsVersion = 8.1;
						ProvisioningStyle = Automatic;
					};
				};
			};
			buildConfigurationList = F20712D41F67BAD700FA0B78 /* Build configuration list for PBXProject "KennyGame" */;
			compatibilityVersion = "Xcode 3.2";
			developmentRegion = English;
			hasScannedForEncodings = 0;
			knownRegions = (
				en,
				Base,
			);
			mainGroup = F20712D01F67BAD700FA0B78;
			productRefGroup = F20712DA1F67BAD700FA0B78 /* Products */;
			projectDirPath = "";
			projectRoot = "";
			targets = (
				F20712D81F67BAD700FA0B78 /* KennyGame */,
			);
		};
/* End PBXProject section */

/* Begin PBXResourcesBuildPhase section */
		F20712D71F67BAD700FA0B78 /* Resources */ = {
			isa = PBXResourcesBuildPhase;
			buildActionMask = 2147483647;
			files = (
				F20712E71F67BAD700FA0B78 /* LaunchScreen.storyboard in Resources */,
				F20712EF1F67BB9200FA0B78 /* kenny.jpg in Resources */,
				F20712E41F67BAD700FA0B78 /* Assets.xcassets in Resources */,
				F20712E21F67BAD700FA0B78 /* Main.storyboard in Resources */,
			);
			runOnlyForDeploymentPostprocessing = 0;
		};
/* End PBXResourcesBuildPhase section */

/* Begin PBXSourcesBuildPhase section */
		F20712D51F67BAD700FA0B78 /* Sources */ = {
			isa = PBXSourcesBuildPhase;
			buildActionMask = 2147483647;
			files = (
				F20712DF1F67BAD700FA0B78 /* ViewController.swift in Sources */,
				F20712DD1F67BAD700FA0B78 /* AppDelegate.swift in Sources */,
			);
			runOnlyForDeploymentPostprocessing = 0;
		};
/* End PBXSourcesBuildPhase section */

/* Begin PBXVariantGroup section */
		F20712E01F67BAD700FA0B78 /* Main.storyboard */ = {
			isa = PBXVariantGroup;
			children = (
				F20712E11F67BAD700FA0B78 /* Base */,
			);
			name = Main.storyboard;
			sourceTree = "<group>";
		};
		F20712E51F67BAD700FA0B78 /* LaunchScreen.storyboard */ = {
			isa = PBXVariantGroup;
			children = (
				F20712E61F67BAD700FA0B78 /* Base */,
			);
			name = LaunchScreen.storyboard;
			sourceTree = "<group>";
		};
/* End PBXVariantGroup section */

/* Begin XCBuildConfiguration section */
		F20712E91F67BAD700FA0B78 /* Debug */ = {
			isa = XCBuildConfiguration;
			buildSettings = {
				ALWAYS_SEARCH_USER_PATHS = NO;
				CLANG_ANALYZER_NONNULL = YES;
				CLANG_CXX_LANGUAGE_STANDARD = "gnu++0x";
				CLANG_CXX_LIBRARY = "libc++";
				CLANG_ENABLE_MODULES = YES;
				CLANG_ENABLE_OBJC_ARC = YES;
				CLANG_WARN_BOOL_CONVERSION = YES;
				CLANG_WARN_CONSTANT_CONVERSION = YES;
				CLANG_WARN_DIRECT_OBJC_ISA_USAGE = YES_ERROR;
				CLANG_WARN_DOCUMENTATION_COMMENTS = YES;
				CLANG_WARN_EMPTY_BODY = YES;
				CLANG_WARN_ENUM_CONVERSION = YES;
				CLANG_WARN_INFINITE_RECURSION = YES;
				CLANG_WARN_INT_CONVERSION = YES;
				CLANG_WARN_OBJC_ROOT_CLASS = YES_ERROR;
				CLANG_WARN_SUSPICIOUS_MOVES = YES;
				CLANG_WARN_UNREACHABLE_CODE = YES;
				CLANG_WARN__DUPLICATE_METHOD_MATCH = YES;
				"CODE_SIGN_IDENTITY[sdk=iphoneos*]" = "iPhone Developer";
				COPY_PHASE_STRIP = NO;
				DEBUG_INFORMATION_FORMAT = dwarf;
				ENABLE_STRICT_OBJC_MSGSEND = YES;
				ENABLE_TESTABILITY = YES;
				GCC_C_LANGUAGE_STANDARD = gnu99;
				GCC_DYNAMIC_NO_PIC = NO;
				GCC_NO_COMMON_BLOCKS = YES;
				GCC_OPTIMIZATION_LEVEL = 0;
				GCC_PREPROCESSOR_DEFINITIONS = (
					"DEBUG=1",
					"$(inherited)",
				);
				GCC_WARN_64_TO_32_BIT_CONVERSION = YES;
				GCC_WARN_ABOUT_RETURN_TYPE = YES_ERROR;
				GCC_WARN_UNDECLARED_SELECTOR = YES;
				GCC_WARN_UNINITIALIZED_AUTOS = YES_AGGRESSIVE;
				GCC_WARN_UNUSED_FUNCTION = YES;
				GCC_WARN_UNUSED_VARIABLE = YES;
				IPHONEOS_DEPLOYMENT_TARGET = 10.1;
				MTL_ENABLE_DEBUG_INFO = YES;
				ONLY_ACTIVE_ARCH = YES;
				SDKROOT = iphoneos;
				SWIFT_ACTIVE_COMPILATION_CONDITIONS = DEBUG;
				SWIFT_OPTIMIZATION_LEVEL = "-Onone";
				TARGETED_DEVICE_FAMILY = "1,2";
			};
			name = Debug;
		};
		F20712EA1F67BAD700FA0B78 /* Release */ = {
			isa = XCBuildConfiguration;
			buildSettings = {
				ALWAYS_SEARCH_USER_PATHS = NO;
				CLANG_ANALYZER_NONNULL = YES;
				CLANG_CXX_LANGUAGE_STANDARD = "gnu++0x";
				CLANG_CXX_LIBRARY = "libc++";
				CLANG_ENABLE_MODULES = YES;
				CLANG_ENABLE_OBJC_ARC = YES;
				CLANG_WARN_BOOL_CONVERSION = YES;
				CLANG_WARN_CONSTANT_CONVERSION = YES;
				CLANG_WARN_DIRECT_OBJC_ISA_USAGE = YES_ERROR;
				CLANG_WARN_DOCUMENTATION_COMMENTS = YES;
				CLANG_WARN_EMPTY_BODY = YES;
				CLANG_WARN_ENUM_CONVERSION = YES;
				CLANG_WARN_INFINITE_RECURSION = YES;
				CLANG_WARN_INT_CONVERSION = YES;
				CLANG_WARN_OBJC_ROOT_CLASS = YES_ERROR;
				CLANG_WARN_SUSPICIOUS_MOVES = YES;
				CLANG_WARN_UNREACHABLE_CODE = YES;
				CLANG_WARN__DUPLICATE_METHOD_MATCH = YES;
				"CODE_SIGN_IDENTITY[sdk=iphoneos*]" = "iPhone Developer";
				COPY_PHASE_STRIP = NO;
				DEBUG_INFORMATION_FORMAT = "dwarf-with-dsym";
				ENABLE_NS_ASSERTIONS = NO;
				ENABLE_STRICT_OBJC_MSGSEND = YES;
				GCC_C_LANGUAGE_STANDARD = gnu99;
				GCC_NO_COMMON_BLOCKS = YES;
				GCC_WARN_64_TO_32_BIT_CONVERSION = YES;
				GCC_WARN_ABOUT_RETURN_TYPE = YES_ERROR;
				GCC_WARN_UNDECLARED_SELECTOR = YES;
				GCC_WARN_UNINITIALIZED_AUTOS = YES_AGGRESSIVE;
				GCC_WARN_UNUSED_FUNCTION = YES;
				GCC_WARN_UNUSED_VARIABLE = YES;
				IPHONEOS_DEPLOYMENT_TARGET = 10.1;
				MTL_ENABLE_DEBUG_INFO = NO;
				SDKROOT = iphoneos;
				SWIFT_OPTIMIZATION_LEVEL = "-Owholemodule";
				TARGETED_DEVICE_FAMILY = "1,2";
				VALIDATE_PRODUCT = YES;
			};
			name = Release;
		};
		F20712EC1F67BAD700FA0B78 /* Debug */ = {
			isa = XCBuildConfiguration;
			buildSettings = {
				ASSETCATALOG_COMPILER_APPICON_NAME = AppIcon;
				INFOPLIST_FILE = KennyGame/Info.plist;
				LD_RUNPATH_SEARCH_PATHS = "$(inherited) @executable_path/Frameworks";
				PRODUCT_BUNDLE_IDENTIFIER = com.flycoDeveloper.KennyGame;
				PRODUCT_NAME = "$(TARGET_NAME)";
				SWIFT_VERSION = 3.0;
			};
			name = Debug;
		};
		F20712ED1F67BAD700FA0B78 /* Release */ = {
			isa = XCBuildConfiguration;
			buildSettings = {
				ASSETCATALOG_COMPILER_APPICON_NAME = AppIcon;
				INFOPLIST_FILE = KennyGame/Info.plist;
				LD_RUNPATH_SEARCH_PATHS = "$(inherited) @executable_path/Frameworks";
				PRODUCT_BUNDLE_IDENTIFIER = com.flycoDeveloper.KennyGame;
				PRODUCT_NAME = "$(TARGET_NAME)";
				SWIFT_VERSION = 3.0;
			};
			name = Release;
		};
/* End XCBuildConfiguration section */

/* Begin XCConfigurationList section */
		F20712D41F67BAD700FA0B78 /* Build configuration list for PBXProject "KennyGame" */ = {
			isa = XCConfigurationList;
			buildConfigurations = (
				F20712E91F67BAD700FA0B78 /* Debug */,
				F20712EA1F67BAD700FA0B78 /* Release */,
			);
			defaultConfigurationIsVisible = 0;
			defaultConfigurationName = Release;
		};
		F20712EB1F67BAD700FA0B78 /* Build configuration list for PBXNativeTarget "KennyGame" */ = {
			isa = XCConfigurationList;
			buildConfigurations = (
				F20712EC1F67BAD700FA0B78 /* Debug */,
				F20712ED1F67BAD700FA0B78 /* Release */,
			);
			defaultConfigurationIsVisible = 0;
		};
/* End XCConfigurationList section */
	};
	rootObject = F20712D11F67BAD700FA0B78 /* Project object */;
}
